// !$*UTF8*$!
{
	archiveVersion = 1;
	classes = {
	};
	objectVersion = 56;
	objects = {

/* Begin PBXBuildFile section */
		5C1722762D52C1A6003CA8F2 /* KLUSTERSYNTHApp.swift in Sources */ = {isa = PBXBuildFile; fileRef = 5C1722752D52C1A6003CA8F2 /* KLUSTERSYNTHApp.swift */; };
		5C1722782D52C1A6003CA8F2 /* ContentView.swift in Sources */ = {isa = PBXBuildFile; fileRef = 5C1722772D52C1A6003CA8F2 /* ContentView.swift */; };
		5C17227A2D52C1A7003CA8F2 /* Assets.xcassets in Resources */ = {isa = PBXBuildFile; fileRef = 5C1722792D52C1A7003CA8F2 /* Assets.xcassets */; };
		5C17227D2D52C1A7003CA8F2 /* Preview Assets.xcassets in Resources */ = {isa = PBXBuildFile; fileRef = 5C17227C2D52C1A7003CA8F2 /* Preview Assets.xcassets */; };
		5C1722862D52C2C0003CA8F2 /* AudioKit in Frameworks */ = {isa = PBXBuildFile; productRef = 5C1722852D52C2C0003CA8F2 /* AudioKit */; };
		5C17228C2D52C393003CA8F2 /* Oscillator.swift in Sources */ = {isa = PBXBuildFile; fileRef = 5C17228B2D52C393003CA8F2 /* Oscillator.swift */; };
		5C17228E2D52C3A8003CA8F2 /* Filter.swift in Sources */ = {isa = PBXBuildFile; fileRef = 5C17228D2D52C3A8003CA8F2 /* Filter.swift */; };
		5C1722902D52C3B7003CA8F2 /* Delay.swift .swift in Sources */ = {isa = PBXBuildFile; fileRef = 5C17228F2D52C3B7003CA8F2 /* Delay.swift .swift */; };
		5C1722922D52C3C8003CA8F2 /* Envelope.swift .swift in Sources */ = {isa = PBXBuildFile; fileRef = 5C1722912D52C3C8003CA8F2 /* Envelope.swift .swift */; };
		5C1722942D52C3D7003CA8F2 /* AudioManager.swift  .swift in Sources */ = {isa = PBXBuildFile; fileRef = 5C1722932D52C3D7003CA8F2 /* AudioManager.swift  .swift */; };
		5C1722962D52C3EF003CA8F2 /* ModuleSettings.swift .swift in Sources */ = {isa = PBXBuildFile; fileRef = 5C1722952D52C3EF003CA8F2 /* ModuleSettings.swift .swift */; };
		5C1722982D52C3FB003CA8F2 /* Routing.swift  .swift in Sources */ = {isa = PBXBuildFile; fileRef = 5C1722972D52C3FB003CA8F2 /* Routing.swift  .swift */; };
		5C17229A2D52C415003CA8F2 /* OscillatorView.swift .swift in Sources */ = {isa = PBXBuildFile; fileRef = 5C1722992D52C415003CA8F2 /* OscillatorView.swift .swift */; };
		5C17229C2D52C424003CA8F2 /* FilterView.swift .swift in Sources */ = {isa = PBXBuildFile; fileRef = 5C17229B2D52C424003CA8F2 /* FilterView.swift .swift */; };
		5C17229E2D52C432003CA8F2 /* DelayView.swift .swift in Sources */ = {isa = PBXBuildFile; fileRef = 5C17229D2D52C432003CA8F2 /* DelayView.swift .swift */; };
		5C1722A02D52C444003CA8F2 /* EnvelopeView.swift .swift in Sources */ = {isa = PBXBuildFile; fileRef = 5C17229F2D52C444003CA8F2 /* EnvelopeView.swift .swift */; };
		5C1722A22D52C452003CA8F2 /* MainView.swift  .swift in Sources */ = {isa = PBXBuildFile; fileRef = 5C1722A12D52C452003CA8F2 /* MainView.swift  .swift */; };
		5C1722A42D52C463003CA8F2 /* MIDIManager.swift .swift in Sources */ = {isa = PBXBuildFile; fileRef = 5C1722A32D52C463003CA8F2 /* MIDIManager.swift .swift */; };
		5C1722A62D52C470003CA8F2 /* Parameters.swift  .swift in Sources */ = {isa = PBXBuildFile; fileRef = 5C1722A52D52C470003CA8F2 /* Parameters.swift  .swift */; };
/* End PBXBuildFile section */

/* Begin PBXFileReference section */
		5C1722722D52C1A6003CA8F2 /* KLUSTERSYNTH.app */ = {isa = PBXFileReference; explicitFileType = wrapper.application; includeInIndex = 0; path = KLUSTERSYNTH.app; sourceTree = BUILT_PRODUCTS_DIR; };
		5C1722752D52C1A6003CA8F2 /* KLUSTERSYNTHApp.swift */ = {isa = PBXFileReference; lastKnownFileType = sourcecode.swift; path = KLUSTERSYNTHApp.swift; sourceTree = "<group>"; };
		5C1722772D52C1A6003CA8F2 /* ContentView.swift */ = {isa = PBXFileReference; lastKnownFileType = sourcecode.swift; path = ContentView.swift; sourceTree = "<group>"; };
		5C1722792D52C1A7003CA8F2 /* Assets.xcassets */ = {isa = PBXFileReference; lastKnownFileType = folder.assetcatalog; path = Assets.xcassets; sourceTree = "<group>"; };
		5C17227C2D52C1A7003CA8F2 /* Preview Assets.xcassets */ = {isa = PBXFileReference; lastKnownFileType = folder.assetcatalog; path = "Preview Assets.xcassets"; sourceTree = "<group>"; };
		5C17227E2D52C1A7003CA8F2 /* KLUSTERSYNTH.entitlements */ = {isa = PBXFileReference; lastKnownFileType = text.plist.entitlements; path = KLUSTERSYNTH.entitlements; sourceTree = "<group>"; };
		5C17228B2D52C393003CA8F2 /* Oscillator.swift */ = {isa = PBXFileReference; lastKnownFileType = sourcecode.swift; path = Oscillator.swift; sourceTree = "<group>"; };
		5C17228D2D52C3A8003CA8F2 /* Filter.swift */ = {isa = PBXFileReference; lastKnownFileType = sourcecode.swift; path = Filter.swift; sourceTree = "<group>"; };
		5C17228F2D52C3B7003CA8F2 /* Delay.swift .swift */ = {isa = PBXFileReference; lastKnownFileType = sourcecode.swift; path = "Delay.swift .swift"; sourceTree = "<group>"; };
		5C1722912D52C3C8003CA8F2 /* Envelope.swift .swift */ = {isa = PBXFileReference; lastKnownFileType = sourcecode.swift; path = "Envelope.swift .swift"; sourceTree = "<group>"; };
		5C1722932D52C3D7003CA8F2 /* AudioManager.swift  .swift */ = {isa = PBXFileReference; lastKnownFileType = sourcecode.swift; path = "AudioManager.swift  .swift"; sourceTree = "<group>"; };
		5C1722952D52C3EF003CA8F2 /* ModuleSettings.swift .swift */ = {isa = PBXFileReference; lastKnownFileType = sourcecode.swift; path = "ModuleSettings.swift .swift"; sourceTree = "<group>"; };
		5C1722972D52C3FB003CA8F2 /* Routing.swift  .swift */ = {isa = PBXFileReference; lastKnownFileType = sourcecode.swift; path = "Routing.swift  .swift"; sourceTree = "<group>"; };
		5C1722992D52C415003CA8F2 /* OscillatorView.swift .swift */ = {isa = PBXFileReference; lastKnownFileType = sourcecode.swift; path = "OscillatorView.swift .swift"; sourceTree = "<group>"; };
		5C17229B2D52C424003CA8F2 /* FilterView.swift .swift */ = {isa = PBXFileReference; lastKnownFileType = sourcecode.swift; path = "FilterView.swift .swift"; sourceTree = "<group>"; };
		5C17229D2D52C432003CA8F2 /* DelayView.swift .swift */ = {isa = PBXFileReference; lastKnownFileType = sourcecode.swift; path = "DelayView.swift .swift"; sourceTree = "<group>"; };
		5C17229F2D52C444003CA8F2 /* EnvelopeView.swift .swift */ = {isa = PBXFileReference; lastKnownFileType = sourcecode.swift; path = "EnvelopeView.swift .swift"; sourceTree = "<group>"; };
		5C1722A12D52C452003CA8F2 /* MainView.swift  .swift */ = {isa = PBXFileReference; lastKnownFileType = sourcecode.swift; path = "MainView.swift  .swift"; sourceTree = "<group>"; };
		5C1722A32D52C463003CA8F2 /* MIDIManager.swift .swift */ = {isa = PBXFileReference; lastKnownFileType = sourcecode.swift; path = "MIDIManager.swift .swift"; sourceTree = "<group>"; };
		5C1722A52D52C470003CA8F2 /* Parameters.swift  .swift */ = {isa = PBXFileReference; lastKnownFileType = sourcecode.swift; path = "Parameters.swift  .swift"; sourceTree = "<group>"; };
/* End PBXFileReference section */

/* Begin PBXFrameworksBuildPhase section */
		5C17226F2D52C1A6003CA8F2 /* Frameworks */ = {
			isa = PBXFrameworksBuildPhase;
			buildActionMask = 2147483647;
			files = (
				5C1722862D52C2C0003CA8F2 /* AudioKit in Frameworks */,
			);
			runOnlyForDeploymentPostprocessing = 0;
		};
/* End PBXFrameworksBuildPhase section */

/* Begin PBXGroup section */
		5C1722692D52C1A6003CA8F2 = {
			isa = PBXGroup;
			children = (
				5C1722742D52C1A6003CA8F2 /* KLUSTERSYNTH */,
				5C1722732D52C1A6003CA8F2 /* Products */,
			);
			sourceTree = "<group>";
		};
		5C1722732D52C1A6003CA8F2 /* Products */ = {
			isa = PBXGroup;
			children = (
				5C1722722D52C1A6003CA8F2 /* KLUSTERSYNTH.app */,
			);
			name = Products;
			sourceTree = "<group>";
		};
		5C1722742D52C1A6003CA8F2 /* KLUSTERSYNTH */ = {
			isa = PBXGroup;
			children = (
				5C1722752D52C1A6003CA8F2 /* KLUSTERSYNTHApp.swift */,
				5C1722772D52C1A6003CA8F2 /* ContentView.swift */,
				5C1722792D52C1A7003CA8F2 /* Assets.xcassets */,
				5C17227E2D52C1A7003CA8F2 /* KLUSTERSYNTH.entitlements */,
				5C17228A2D52C365003CA8F2 /* Utilities */,
				5C1722892D52C350003CA8F2 /* Views */,
				5C1722882D52C347003CA8F2 /* Models */,
				5C1722872D52C331003CA8F2 /* Audio Engine */,
				5C17227B2D52C1A7003CA8F2 /* Preview Content */,
			);
			path = KLUSTERSYNTH;
			sourceTree = "<group>";
		};
		5C17227B2D52C1A7003CA8F2 /* Preview Content */ = {
			isa = PBXGroup;
			children = (
				5C17227C2D52C1A7003CA8F2 /* Preview Assets.xcassets */,
			);
			path = "Preview Content";
			sourceTree = "<group>";
		};
		5C1722872D52C331003CA8F2 /* Audio Engine */ = {
			isa = PBXGroup;
			children = (
				5C17228B2D52C393003CA8F2 /* Oscillator.swift */,
				5C17228D2D52C3A8003CA8F2 /* Filter.swift */,
				5C17228F2D52C3B7003CA8F2 /* Delay.swift .swift */,
				5C1722912D52C3C8003CA8F2 /* Envelope.swift .swift */,
				5C1722932D52C3D7003CA8F2 /* AudioManager.swift  .swift */,
			);
			path = "Audio Engine";
			sourceTree = "<group>";
		};
		5C1722882D52C347003CA8F2 /* Models */ = {
			isa = PBXGroup;
			children = (
				5C1722952D52C3EF003CA8F2 /* ModuleSettings.swift .swift */,
				5C1722972D52C3FB003CA8F2 /* Routing.swift  .swift */,
			);
			path = Models;
			sourceTree = "<group>";
		};
		5C1722892D52C350003CA8F2 /* Views */ = {
			isa = PBXGroup;
			children = (
				5C1722992D52C415003CA8F2 /* OscillatorView.swift .swift */,
				5C17229B2D52C424003CA8F2 /* FilterView.swift .swift */,
				5C17229D2D52C432003CA8F2 /* DelayView.swift .swift */,
				5C17229F2D52C444003CA8F2 /* EnvelopeView.swift .swift */,
				5C1722A12D52C452003CA8F2 /* MainView.swift  .swift */,
			);
			path = Views;
			sourceTree = "<group>";
		};
		5C17228A2D52C365003CA8F2 /* Utilities */ = {
			isa = PBXGroup;
			children = (
				5C1722A32D52C463003CA8F2 /* MIDIManager.swift .swift */,
				5C1722A52D52C470003CA8F2 /* Parameters.swift  .swift */,
			);
			path = Utilities;
			sourceTree = "<group>";
		};
/* End PBXGroup section */

/* Begin PBXNativeTarget section */
		5C1722712D52C1A6003CA8F2 /* KLUSTERSYNTH */ = {
			isa = PBXNativeTarget;
			buildConfigurationList = 5C1722812D52C1A7003CA8F2 /* Build configuration list for PBXNativeTarget "KLUSTERSYNTH" */;
			buildPhases = (
				5C17226E2D52C1A6003CA8F2 /* Sources */,
				5C17226F2D52C1A6003CA8F2 /* Frameworks */,
				5C1722702D52C1A6003CA8F2 /* Resources */,
			);
			buildRules = (
			);
			dependencies = (
			);
			name = KLUSTERSYNTH;
			packageProductDependencies = (
				5C1722852D52C2C0003CA8F2 /* AudioKit */,
			);
			productName = KLUSTERSYNTH;
			productReference = 5C1722722D52C1A6003CA8F2 /* KLUSTERSYNTH.app */;
			productType = "com.apple.product-type.application";
		};
/* End PBXNativeTarget section */

/* Begin PBXProject section */
		5C17226A2D52C1A6003CA8F2 /* Project object */ = {
			isa = PBXProject;
			attributes = {
				BuildIndependentTargetsInParallel = 1;
				LastSwiftUpdateCheck = 1520;
				LastUpgradeCheck = 1520;
				TargetAttributes = {
					5C1722712D52C1A6003CA8F2 = {
						CreatedOnToolsVersion = 15.2;
					};
				};
			};
			buildConfigurationList = 5C17226D2D52C1A6003CA8F2 /* Build configuration list for PBXProject "KLUSTERSYNTH" */;
			compatibilityVersion = "Xcode 14.0";
			developmentRegion = en;
			hasScannedForEncodings = 0;
			knownRegions = (
				en,
				Base,
			);
			mainGroup = 5C1722692D52C1A6003CA8F2;
			packageReferences = (
				5C1722842D52C2C0003CA8F2 /* XCRemoteSwiftPackageReference "AudioKit" */,
			);
			productRefGroup = 5C1722732D52C1A6003CA8F2 /* Products */;
			projectDirPath = "";
			projectRoot = "";
			targets = (
				5C1722712D52C1A6003CA8F2 /* KLUSTERSYNTH */,
			);
		};
/* End PBXProject section */

/* Begin PBXResourcesBuildPhase section */
		5C1722702D52C1A6003CA8F2 /* Resources */ = {
			isa = PBXResourcesBuildPhase;
			buildActionMask = 2147483647;
			files = (
				5C17227D2D52C1A7003CA8F2 /* Preview Assets.xcassets in Resources */,
				5C17227A2D52C1A7003CA8F2 /* Assets.xcassets in Resources */,
			);
			runOnlyForDeploymentPostprocessing = 0;
		};
/* End PBXResourcesBuildPhase section */

/* Begin PBXSourcesBuildPhase section */
		5C17226E2D52C1A6003CA8F2 /* Sources */ = {
			isa = PBXSourcesBuildPhase;
			buildActionMask = 2147483647;
			files = (
				5C1722A42D52C463003CA8F2 /* MIDIManager.swift .swift in Sources */,
				5C1722962D52C3EF003CA8F2 /* ModuleSettings.swift .swift in Sources */,
				5C1722A62D52C470003CA8F2 /* Parameters.swift  .swift in Sources */,
				5C1722982D52C3FB003CA8F2 /* Routing.swift  .swift in Sources */,
				5C1722A02D52C444003CA8F2 /* EnvelopeView.swift .swift in Sources */,
				5C17229A2D52C415003CA8F2 /* OscillatorView.swift .swift in Sources */,
				5C1722A22D52C452003CA8F2 /* MainView.swift  .swift in Sources */,
				5C17228C2D52C393003CA8F2 /* Oscillator.swift in Sources */,
				5C17228E2D52C3A8003CA8F2 /* Filter.swift in Sources */,
				5C1722782D52C1A6003CA8F2 /* ContentView.swift in Sources */,
				5C17229E2D52C432003CA8F2 /* DelayView.swift .swift in Sources */,
				5C1722902D52C3B7003CA8F2 /* Delay.swift .swift in Sources */,
				5C1722942D52C3D7003CA8F2 /* AudioManager.swift  .swift in Sources */,
				5C17229C2D52C424003CA8F2 /* FilterView.swift .swift in Sources */,
				5C1722762D52C1A6003CA8F2 /* KLUSTERSYNTHApp.swift in Sources */,
				5C1722922D52C3C8003CA8F2 /* Envelope.swift .swift in Sources */,
			);
			runOnlyForDeploymentPostprocessing = 0;
		};
/* End PBXSourcesBuildPhase section */

/* Begin XCBuildConfiguration section */
		5C17227F2D52C1A7003CA8F2 /* Debug */ = {
			isa = XCBuildConfiguration;
			buildSettings = {
				ALWAYS_SEARCH_USER_PATHS = NO;
				ASSETCATALOG_COMPILER_GENERATE_SWIFT_ASSET_SYMBOL_EXTENSIONS = YES;
				CLANG_ANALYZER_NONNULL = YES;
				CLANG_ANALYZER_NUMBER_OBJECT_CONVERSION = YES_AGGRESSIVE;
				CLANG_CXX_LANGUAGE_STANDARD = "gnu++20";
				CLANG_ENABLE_MODULES = YES;
				CLANG_ENABLE_OBJC_ARC = YES;
				CLANG_ENABLE_OBJC_WEAK = YES;
				CLANG_WARN_BLOCK_CAPTURE_AUTORELEASING = YES;
				CLANG_WARN_BOOL_CONVERSION = YES;
				CLANG_WARN_COMMA = YES;
				CLANG_WARN_CONSTANT_CONVERSION = YES;
				CLANG_WARN_DEPRECATED_OBJC_IMPLEMENTATIONS = YES;
				CLANG_WARN_DIRECT_OBJC_ISA_USAGE = YES_ERROR;
				CLANG_WARN_DOCUMENTATION_COMMENTS = YES;
				CLANG_WARN_EMPTY_BODY = YES;
				CLANG_WARN_ENUM_CONVERSION = YES;
				CLANG_WARN_INFINITE_RECURSION = YES;
				CLANG_WARN_INT_CONVERSION = YES;
				CLANG_WARN_NON_LITERAL_NULL_CONVERSION = YES;
				CLANG_WARN_OBJC_IMPLICIT_RETAIN_SELF = YES;
				CLANG_WARN_OBJC_LITERAL_CONVERSION = YES;
				CLANG_WARN_OBJC_ROOT_CLASS = YES_ERROR;
				CLANG_WARN_QUOTED_INCLUDE_IN_FRAMEWORK_HEADER = YES;
				CLANG_WARN_RANGE_LOOP_ANALYSIS = YES;
				CLANG_WARN_STRICT_PROTOTYPES = YES;
				CLANG_WARN_SUSPICIOUS_MOVE = YES;
				CLANG_WARN_UNGUARDED_AVAILABILITY = YES_AGGRESSIVE;
				CLANG_WARN_UNREACHABLE_CODE = YES;
				CLANG_WARN__DUPLICATE_METHOD_MATCH = YES;
				COPY_PHASE_STRIP = NO;
				DEBUG_INFORMATION_FORMAT = dwarf;
				ENABLE_STRICT_OBJC_MSGSEND = YES;
				ENABLE_TESTABILITY = YES;
				ENABLE_USER_SCRIPT_SANDBOXING = YES;
				GCC_C_LANGUAGE_STANDARD = gnu17;
				GCC_DYNAMIC_NO_PIC = NO;
				GCC_NO_COMMON_BLOCKS = YES;
				GCC_OPTIMIZATION_LEVEL = 0;
				GCC_PREPROCESSOR_DEFINITIONS = (
					"DEBUG=1",
					"$(inherited)",
				);
				GCC_WARN_64_TO_32_BIT_CONVERSION = YES;
				GCC_WARN_ABOUT_RETURN_TYPE = YES_ERROR;
				GCC_WARN_UNDECLARED_SELECTOR = YES;
				GCC_WARN_UNINITIALIZED_AUTOS = YES_AGGRESSIVE;
				GCC_WARN_UNUSED_FUNCTION = YES;
				GCC_WARN_UNUSED_VARIABLE = YES;
				LOCALIZATION_PREFERS_STRING_CATALOGS = YES;
				MACOSX_DEPLOYMENT_TARGET = 14.2;
				MTL_ENABLE_DEBUG_INFO = INCLUDE_SOURCE;
				MTL_FAST_MATH = YES;
				ONLY_ACTIVE_ARCH = YES;
				SDKROOT = macosx;
				SWIFT_ACTIVE_COMPILATION_CONDITIONS = "DEBUG $(inherited)";
				SWIFT_OPTIMIZATION_LEVEL = "-Onone";
			};
			name = Debug;
		};
		5C1722802D52C1A7003CA8F2 /* Release */ = {
			isa = XCBuildConfiguration;
			buildSettings = {
				ALWAYS_SEARCH_USER_PATHS = NO;
				ASSETCATALOG_COMPILER_GENERATE_SWIFT_ASSET_SYMBOL_EXTENSIONS = YES;
				CLANG_ANALYZER_NONNULL = YES;
				CLANG_ANALYZER_NUMBER_OBJECT_CONVERSION = YES_AGGRESSIVE;
				CLANG_CXX_LANGUAGE_STANDARD = "gnu++20";
				CLANG_ENABLE_MODULES = YES;
				CLANG_ENABLE_OBJC_ARC = YES;
				CLANG_ENABLE_OBJC_WEAK = YES;
				CLANG_WARN_BLOCK_CAPTURE_AUTORELEASING = YES;
				CLANG_WARN_BOOL_CONVERSION = YES;
				CLANG_WARN_COMMA = YES;
				CLANG_WARN_CONSTANT_CONVERSION = YES;
				CLANG_WARN_DEPRECATED_OBJC_IMPLEMENTATIONS = YES;
				CLANG_WARN_DIRECT_OBJC_ISA_USAGE = YES_ERROR;
				CLANG_WARN_DOCUMENTATION_COMMENTS = YES;
				CLANG_WARN_EMPTY_BODY = YES;
				CLANG_WARN_ENUM_CONVERSION = YES;
				CLANG_WARN_INFINITE_RECURSION = YES;
				CLANG_WARN_INT_CONVERSION = YES;
				CLANG_WARN_NON_LITERAL_NULL_CONVERSION = YES;
				CLANG_WARN_OBJC_IMPLICIT_RETAIN_SELF = YES;
				CLANG_WARN_OBJC_LITERAL_CONVERSION = YES;
				CLANG_WARN_OBJC_ROOT_CLASS = YES_ERROR;
				CLANG_WARN_QUOTED_INCLUDE_IN_FRAMEWORK_HEADER = YES;
				CLANG_WARN_RANGE_LOOP_ANALYSIS = YES;
				CLANG_WARN_STRICT_PROTOTYPES = YES;
				CLANG_WARN_SUSPICIOUS_MOVE = YES;
				CLANG_WARN_UNGUARDED_AVAILABILITY = YES_AGGRESSIVE;
				CLANG_WARN_UNREACHABLE_CODE = YES;
				CLANG_WARN__DUPLICATE_METHOD_MATCH = YES;
				COPY_PHASE_STRIP = NO;
				DEBUG_INFORMATION_FORMAT = "dwarf-with-dsym";
				ENABLE_NS_ASSERTIONS = NO;
				ENABLE_STRICT_OBJC_MSGSEND = YES;
				ENABLE_USER_SCRIPT_SANDBOXING = YES;
				GCC_C_LANGUAGE_STANDARD = gnu17;
				GCC_NO_COMMON_BLOCKS = YES;
				GCC_WARN_64_TO_32_BIT_CONVERSION = YES;
				GCC_WARN_ABOUT_RETURN_TYPE = YES_ERROR;
				GCC_WARN_UNDECLARED_SELECTOR = YES;
				GCC_WARN_UNINITIALIZED_AUTOS = YES_AGGRESSIVE;
				GCC_WARN_UNUSED_FUNCTION = YES;
				GCC_WARN_UNUSED_VARIABLE = YES;
				LOCALIZATION_PREFERS_STRING_CATALOGS = YES;
				MACOSX_DEPLOYMENT_TARGET = 14.2;
				MTL_ENABLE_DEBUG_INFO = NO;
				MTL_FAST_MATH = YES;
				SDKROOT = macosx;
				SWIFT_COMPILATION_MODE = wholemodule;
			};
			name = Release;
		};
		5C1722822D52C1A7003CA8F2 /* Debug */ = {
			isa = XCBuildConfiguration;
			buildSettings = {
				ASSETCATALOG_COMPILER_APPICON_NAME = AppIcon;
				ASSETCATALOG_COMPILER_GLOBAL_ACCENT_COLOR_NAME = AccentColor;
				CODE_SIGN_ENTITLEMENTS = KLUSTERSYNTH/KLUSTERSYNTH.entitlements;
				CODE_SIGN_STYLE = Automatic;
				COMBINE_HIDPI_IMAGES = YES;
				CURRENT_PROJECT_VERSION = 1;
				DEVELOPMENT_ASSET_PATHS = "\"KLUSTERSYNTH/Preview Content\"";
				ENABLE_PREVIEWS = YES;
				GENERATE_INFOPLIST_FILE = YES;
				INFOPLIST_KEY_NSHumanReadableCopyright = "";
				LD_RUNPATH_SEARCH_PATHS = (
					"$(inherited)",
					"@executable_path/../Frameworks",
				);
				MARKETING_VERSION = 1.0;
				PRODUCT_BUNDLE_IDENTIFIER = com.roderickshoolbraid.KLUSTERSYNTH;
				PRODUCT_NAME = "$(TARGET_NAME)";
				SWIFT_EMIT_LOC_STRINGS = YES;
				SWIFT_VERSION = 5.0;
			};
			name = Debug;
		};
		5C1722832D52C1A7003CA8F2 /* Release */ = {
			isa = XCBuildConfiguration;
			buildSettings = {
				ASSETCATALOG_COMPILER_APPICON_NAME = AppIcon;
				ASSETCATALOG_COMPILER_GLOBAL_ACCENT_COLOR_NAME = AccentColor;
				CODE_SIGN_ENTITLEMENTS = KLUSTERSYNTH/KLUSTERSYNTH.entitlements;
				CODE_SIGN_STYLE = Automatic;
				COMBINE_HIDPI_IMAGES = YES;
				CURRENT_PROJECT_VERSION = 1;
				DEVELOPMENT_ASSET_PATHS = "\"KLUSTERSYNTH/Preview Content\"";
				ENABLE_PREVIEWS = YES;
				GENERATE_INFOPLIST_FILE = YES;
				INFOPLIST_KEY_NSHumanReadableCopyright = "";
				LD_RUNPATH_SEARCH_PATHS = (
					"$(inherited)",
					"@executable_path/../Frameworks",
				);
				MARKETING_VERSION = 1.0;
				PRODUCT_BUNDLE_IDENTIFIER = com.roderickshoolbraid.KLUSTERSYNTH;
				PRODUCT_NAME = "$(TARGET_NAME)";
				SWIFT_EMIT_LOC_STRINGS = YES;
				SWIFT_VERSION = 5.0;
			};
			name = Release;
		};
/* End XCBuildConfiguration section */

/* Begin XCConfigurationList section */
		5C17226D2D52C1A6003CA8F2 /* Build configuration list for PBXProject "KLUSTERSYNTH" */ = {
			isa = XCConfigurationList;
			buildConfigurations = (
				5C17227F2D52C1A7003CA8F2 /* Debug */,
				5C1722802D52C1A7003CA8F2 /* Release */,
			);
			defaultConfigurationIsVisible = 0;
			defaultConfigurationName = Release;
		};
		5C1722812D52C1A7003CA8F2 /* Build configuration list for PBXNativeTarget "KLUSTERSYNTH" */ = {
			isa = XCConfigurationList;
			buildConfigurations = (
				5C1722822D52C1A7003CA8F2 /* Debug */,
				5C1722832D52C1A7003CA8F2 /* Release */,
			);
			defaultConfigurationIsVisible = 0;
			defaultConfigurationName = Release;
		};
/* End XCConfigurationList section */

/* Begin XCRemoteSwiftPackageReference section */
		5C1722842D52C2C0003CA8F2 /* XCRemoteSwiftPackageReference "AudioKit" */ = {
			isa = XCRemoteSwiftPackageReference;
			repositoryURL = "https://github.com/AudioKit/AudioKit.git";
			requirement = {
				kind = upToNextMajorVersion;
				minimumVersion = 5.6.4;
			};
		};
/* End XCRemoteSwiftPackageReference section */

/* Begin XCSwiftPackageProductDependency section */
		5C1722852D52C2C0003CA8F2 /* AudioKit */ = {
			isa = XCSwiftPackageProductDependency;
			package = 5C1722842D52C2C0003CA8F2 /* XCRemoteSwiftPackageReference "AudioKit" */;
			productName = AudioKit;
		};
/* End XCSwiftPackageProductDependency section */
	};
	rootObject = 5C17226A2D52C1A6003CA8F2 /* Project object */;
}
